
Microsoft Visual Studio Solution File, Format Version 12.00
# Visual Studio Version 16
VisualStudioVersion = 16.0.28729.10
MinimumVisualStudioVersion = 10.0.40219.1
Project("{2150E333-8FDC-42A3-9474-1A3956D46DE8}") = "Solution Items", "Solution Items", "{F002F161-C873-466B-8238-491B0F9ED3C5}"
	ProjectSection(SolutionItems) = preProject
		.editorconfig = .editorconfig
	EndProjectSection
EndProject
Project("{9A19103F-16F7-4668-BE54-9A1E7A4F7556}") = "WebModelCore", "WebModelCore\WebModelCore.csproj", "{FBC4EDBD-C30D-4B11-9B9E-2F0AD9463DBB}"
EndProject
Project("{9A19103F-16F7-4668-BE54-9A1E7A4F7556}") = "WebCore.Common", "WebCore.Common\WebCore.Common.csproj", "{E42EE908-629F-4DCE-A163-5E47815F667A}"
EndProject
Project("{9A19103F-16F7-4668-BE54-9A1E7A4F7556}") = "WebCore.Entities", "WebCore.Entities\WebCore.Entities.csproj", "{F555D3A8-CFD1-4440-8C17-DDA963BAE2CF}"
EndProject
Project("{2150E333-8FDC-42A3-9474-1A3956D46DE8}") = "6.DataAccess", "6.DataAccess", "{E3A94B3B-C93B-46EA-823F-0C33858F538F}"
EndProject
Project("{9A19103F-16F7-4668-BE54-9A1E7A4F7556}") = "Core.DataAccess", "DataAccess\Core.DataAccess.csproj", "{577BCDDB-5809-4B9C-8149-BBBE65480B51}"
EndProject
Project("{9A19103F-16F7-4668-BE54-9A1E7A4F7556}") = "SystemLibrary", "SystemLibrary\SystemLibrary.csproj", "{09100B49-BE86-4855-9928-169ECFDABC18}"
EndProject
Project("{2150E333-8FDC-42A3-9474-1A3956D46DE8}") = "Host", "Host", "{0A8DE422-9653-46DC-B3A2-904C8B2A46A0}"
EndProject
Project("{9A19103F-16F7-4668-BE54-9A1E7A4F7556}") = "Host.DataBaseAccessService", "Host.DataBaseAccessService\Host.DataBaseAccessService.csproj", "{B94283F1-2972-423B-81C6-6D2441BB5293}"
EndProject
Project("{9A19103F-16F7-4668-BE54-9A1E7A4F7556}") = "Message", "Message\Message.csproj", "{9AA5F2C8-C544-4857-8DD2-4F39CCD6F665}"
EndProject
Project("{9A19103F-16F7-4668-BE54-9A1E7A4F7556}") = "Host.BusinessObject ", "Host.BusinessObject\Host.BusinessObject .csproj", "{F4C6864B-FD47-4FC2-B588-E29FAF321EA1}"
EndProject
Project("{9A19103F-16F7-4668-BE54-9A1E7A4F7556}") = "Host.BusinessBase", "Host.BusinessBase\Host.BusinessBase.csproj", "{A243B06E-4E7D-4053-BA14-278AEA730759}"
EndProject
Project("{9A19103F-16F7-4668-BE54-9A1E7A4F7556}") = "Host.BusinessFacade", "Host.BusinessFacade\Host.BusinessFacade.csproj", "{85F8751A-BFC6-4044-8164-467BA529B52D}"
EndProject
Project("{9A19103F-16F7-4668-BE54-9A1E7A4F7556}") = "Core.API", "Host.API\Core.API.csproj", "{90F528E5-C516-476E-A444-EA981FE2A78A}"
EndProject
Project("{9A19103F-16F7-4668-BE54-9A1E7A4F7556}") = "WebAppCoreBlazorServer", "WebAppCoreBlazorServer\WebAppCoreBlazorServer.csproj", "{FD164A24-AE6F-498A-A1B1-3E3069AD035F}"
EndProject
Project("{2150E333-8FDC-42A3-9474-1A3956D46DE8}") = "Control", "Control", "{F245352A-55E9-40F3-8B8A-14D4A3C55E8B}"
EndProject
Project("{9A19103F-16F7-4668-BE54-9A1E7A4F7556}") = "Blazored.Modal", "Blazored.Modal\Blazored.Modal.csproj", "{55DD8FDB-665F-4EFA-876E-A31214BF63B4}"
EndProject
Project("{9A19103F-16F7-4668-BE54-9A1E7A4F7556}") = "GridBlazor", "BlazorControl\GridBlazor\GridBlazor.csproj", "{662F70F9-B466-4CA3-B83D-260C7014A49E}"
EndProject
Project("{9A19103F-16F7-4668-BE54-9A1E7A4F7556}") = "GridShared", "BlazorControl\GridShared\GridShared.csproj", "{55265FF9-4C20-478A-884F-CE40199807C2}"
EndProject
Project("{9A19103F-16F7-4668-BE54-9A1E7A4F7556}") = "WebApiCore", "WebApiCore\WebApiCore.csproj", "{D80E59B0-2D72-4FED-AA83-8862139524E5}"
EndProject
Global
	GlobalSection(SolutionConfigurationPlatforms) = preSolution
		Debug|Any CPU = Debug|Any CPU
		Debug|Itanium = Debug|Itanium
		Debug|Mixed Platforms = Debug|Mixed Platforms
		Debug|x64 = Debug|x64
		Debug|x86 = Debug|x86
		Release|Any CPU = Release|Any CPU
		Release|Itanium = Release|Itanium
		Release|Mixed Platforms = Release|Mixed Platforms
		Release|x64 = Release|x64
		Release|x86 = Release|x86
	EndGlobalSection
	GlobalSection(ProjectConfigurationPlatforms) = postSolution
		{FBC4EDBD-C30D-4B11-9B9E-2F0AD9463DBB}.Debug|Any CPU.ActiveCfg = Debug|Any CPU
		{FBC4EDBD-C30D-4B11-9B9E-2F0AD9463DBB}.Debug|Any CPU.Build.0 = Debug|Any CPU
		{FBC4EDBD-C30D-4B11-9B9E-2F0AD9463DBB}.Debug|Itanium.ActiveCfg = Debug|Any CPU
		{FBC4EDBD-C30D-4B11-9B9E-2F0AD9463DBB}.Debug|Itanium.Build.0 = Debug|Any CPU
		{FBC4EDBD-C30D-4B11-9B9E-2F0AD9463DBB}.Debug|Mixed Platforms.ActiveCfg = Debug|Any CPU
		{FBC4EDBD-C30D-4B11-9B9E-2F0AD9463DBB}.Debug|Mixed Platforms.Build.0 = Debug|Any CPU
		{FBC4EDBD-C30D-4B11-9B9E-2F0AD9463DBB}.Debug|x64.ActiveCfg = Debug|Any CPU
		{FBC4EDBD-C30D-4B11-9B9E-2F0AD9463DBB}.Debug|x64.Build.0 = Debug|Any CPU
		{FBC4EDBD-C30D-4B11-9B9E-2F0AD9463DBB}.Debug|x86.ActiveCfg = Debug|Any CPU
		{FBC4EDBD-C30D-4B11-9B9E-2F0AD9463DBB}.Debug|x86.Build.0 = Debug|Any CPU
		{FBC4EDBD-C30D-4B11-9B9E-2F0AD9463DBB}.Release|Any CPU.ActiveCfg = Release|Any CPU
		{FBC4EDBD-C30D-4B11-9B9E-2F0AD9463DBB}.Release|Any CPU.Build.0 = Release|Any CPU
		{FBC4EDBD-C30D-4B11-9B9E-2F0AD9463DBB}.Release|Itanium.ActiveCfg = Release|Any CPU
		{FBC4EDBD-C30D-4B11-9B9E-2F0AD9463DBB}.Release|Itanium.Build.0 = Release|Any CPU
		{FBC4EDBD-C30D-4B11-9B9E-2F0AD9463DBB}.Release|Mixed Platforms.ActiveCfg = Release|Any CPU
		{FBC4EDBD-C30D-4B11-9B9E-2F0AD9463DBB}.Release|Mixed Platforms.Build.0 = Release|Any CPU
		{FBC4EDBD-C30D-4B11-9B9E-2F0AD9463DBB}.Release|x64.ActiveCfg = Release|Any CPU
		{FBC4EDBD-C30D-4B11-9B9E-2F0AD9463DBB}.Release|x64.Build.0 = Release|Any CPU
		{FBC4EDBD-C30D-4B11-9B9E-2F0AD9463DBB}.Release|x86.ActiveCfg = Release|Any CPU
		{FBC4EDBD-C30D-4B11-9B9E-2F0AD9463DBB}.Release|x86.Build.0 = Release|Any CPU
		{E42EE908-629F-4DCE-A163-5E47815F667A}.Debug|Any CPU.ActiveCfg = Debug|Any CPU
		{E42EE908-629F-4DCE-A163-5E47815F667A}.Debug|Any CPU.Build.0 = Debug|Any CPU
		{E42EE908-629F-4DCE-A163-5E47815F667A}.Debug|Itanium.ActiveCfg = Debug|Any CPU
		{E42EE908-629F-4DCE-A163-5E47815F667A}.Debug|Itanium.Build.0 = Debug|Any CPU
		{E42EE908-629F-4DCE-A163-5E47815F667A}.Debug|Mixed Platforms.ActiveCfg = Debug|Any CPU
		{E42EE908-629F-4DCE-A163-5E47815F667A}.Debug|Mixed Platforms.Build.0 = Debug|Any CPU
		{E42EE908-629F-4DCE-A163-5E47815F667A}.Debug|x64.ActiveCfg = Debug|Any CPU
		{E42EE908-629F-4DCE-A163-5E47815F667A}.Debug|x64.Build.0 = Debug|Any CPU
		{E42EE908-629F-4DCE-A163-5E47815F667A}.Debug|x86.ActiveCfg = Debug|Any CPU
		{E42EE908-629F-4DCE-A163-5E47815F667A}.Debug|x86.Build.0 = Debug|Any CPU
		{E42EE908-629F-4DCE-A163-5E47815F667A}.Release|Any CPU.ActiveCfg = Release|Any CPU
		{E42EE908-629F-4DCE-A163-5E47815F667A}.Release|Any CPU.Build.0 = Release|Any CPU
		{E42EE908-629F-4DCE-A163-5E47815F667A}.Release|Itanium.ActiveCfg = Release|Any CPU
		{E42EE908-629F-4DCE-A163-5E47815F667A}.Release|Itanium.Build.0 = Release|Any CPU
		{E42EE908-629F-4DCE-A163-5E47815F667A}.Release|Mixed Platforms.ActiveCfg = Release|Any CPU
		{E42EE908-629F-4DCE-A163-5E47815F667A}.Release|Mixed Platforms.Build.0 = Release|Any CPU
		{E42EE908-629F-4DCE-A163-5E47815F667A}.Release|x64.ActiveCfg = Release|Any CPU
		{E42EE908-629F-4DCE-A163-5E47815F667A}.Release|x64.Build.0 = Release|Any CPU
		{E42EE908-629F-4DCE-A163-5E47815F667A}.Release|x86.ActiveCfg = Release|Any CPU
		{E42EE908-629F-4DCE-A163-5E47815F667A}.Release|x86.Build.0 = Release|Any CPU
		{F555D3A8-CFD1-4440-8C17-DDA963BAE2CF}.Debug|Any CPU.ActiveCfg = Debug|Any CPU
		{F555D3A8-CFD1-4440-8C17-DDA963BAE2CF}.Debug|Any CPU.Build.0 = Debug|Any CPU
		{F555D3A8-CFD1-4440-8C17-DDA963BAE2CF}.Debug|Itanium.ActiveCfg = Debug|Any CPU
		{F555D3A8-CFD1-4440-8C17-DDA963BAE2CF}.Debug|Itanium.Build.0 = Debug|Any CPU
		{F555D3A8-CFD1-4440-8C17-DDA963BAE2CF}.Debug|Mixed Platforms.ActiveCfg = Debug|Any CPU
		{F555D3A8-CFD1-4440-8C17-DDA963BAE2CF}.Debug|Mixed Platforms.Build.0 = Debug|Any CPU
		{F555D3A8-CFD1-4440-8C17-DDA963BAE2CF}.Debug|x64.ActiveCfg = Debug|Any CPU
		{F555D3A8-CFD1-4440-8C17-DDA963BAE2CF}.Debug|x64.Build.0 = Debug|Any CPU
		{F555D3A8-CFD1-4440-8C17-DDA963BAE2CF}.Debug|x86.ActiveCfg = Debug|Any CPU
		{F555D3A8-CFD1-4440-8C17-DDA963BAE2CF}.Debug|x86.Build.0 = Debug|Any CPU
		{F555D3A8-CFD1-4440-8C17-DDA963BAE2CF}.Release|Any CPU.ActiveCfg = Release|Any CPU
		{F555D3A8-CFD1-4440-8C17-DDA963BAE2CF}.Release|Any CPU.Build.0 = Release|Any CPU
		{F555D3A8-CFD1-4440-8C17-DDA963BAE2CF}.Release|Itanium.ActiveCfg = Release|Any CPU
		{F555D3A8-CFD1-4440-8C17-DDA963BAE2CF}.Release|Itanium.Build.0 = Release|Any CPU
		{F555D3A8-CFD1-4440-8C17-DDA963BAE2CF}.Release|Mixed Platforms.ActiveCfg = Release|Any CPU
		{F555D3A8-CFD1-4440-8C17-DDA963BAE2CF}.Release|Mixed Platforms.Build.0 = Release|Any CPU
		{F555D3A8-CFD1-4440-8C17-DDA963BAE2CF}.Release|x64.ActiveCfg = Release|Any CPU
		{F555D3A8-CFD1-4440-8C17-DDA963BAE2CF}.Release|x64.Build.0 = Release|Any CPU
		{F555D3A8-CFD1-4440-8C17-DDA963BAE2CF}.Release|x86.ActiveCfg = Release|Any CPU
		{F555D3A8-CFD1-4440-8C17-DDA963BAE2CF}.Release|x86.Build.0 = Release|Any CPU
		{577BCDDB-5809-4B9C-8149-BBBE65480B51}.Debug|Any CPU.ActiveCfg = Debug|Any CPU
		{577BCDDB-5809-4B9C-8149-BBBE65480B51}.Debug|Any CPU.Build.0 = Debug|Any CPU
		{577BCDDB-5809-4B9C-8149-BBBE65480B51}.Debug|Itanium.ActiveCfg = Debug|Any CPU
		{577BCDDB-5809-4B9C-8149-BBBE65480B51}.Debug|Itanium.Build.0 = Debug|Any CPU
		{577BCDDB-5809-4B9C-8149-BBBE65480B51}.Debug|Mixed Platforms.ActiveCfg = Debug|Any CPU
		{577BCDDB-5809-4B9C-8149-BBBE65480B51}.Debug|Mixed Platforms.Build.0 = Debug|Any CPU
		{577BCDDB-5809-4B9C-8149-BBBE65480B51}.Debug|x64.ActiveCfg = Debug|Any CPU
		{577BCDDB-5809-4B9C-8149-BBBE65480B51}.Debug|x64.Build.0 = Debug|Any CPU
		{577BCDDB-5809-4B9C-8149-BBBE65480B51}.Debug|x86.ActiveCfg = Debug|Any CPU
		{577BCDDB-5809-4B9C-8149-BBBE65480B51}.Debug|x86.Build.0 = Debug|Any CPU
		{577BCDDB-5809-4B9C-8149-BBBE65480B51}.Release|Any CPU.ActiveCfg = Release|Any CPU
		{577BCDDB-5809-4B9C-8149-BBBE65480B51}.Release|Any CPU.Build.0 = Release|Any CPU
		{577BCDDB-5809-4B9C-8149-BBBE65480B51}.Release|Itanium.ActiveCfg = Release|Any CPU
		{577BCDDB-5809-4B9C-8149-BBBE65480B51}.Release|Itanium.Build.0 = Release|Any CPU
		{577BCDDB-5809-4B9C-8149-BBBE65480B51}.Release|Mixed Platforms.ActiveCfg = Release|Any CPU
		{577BCDDB-5809-4B9C-8149-BBBE65480B51}.Release|Mixed Platforms.Build.0 = Release|Any CPU
		{577BCDDB-5809-4B9C-8149-BBBE65480B51}.Release|x64.ActiveCfg = Release|Any CPU
		{577BCDDB-5809-4B9C-8149-BBBE65480B51}.Release|x64.Build.0 = Release|Any CPU
		{577BCDDB-5809-4B9C-8149-BBBE65480B51}.Release|x86.ActiveCfg = Release|Any CPU
		{577BCDDB-5809-4B9C-8149-BBBE65480B51}.Release|x86.Build.0 = Release|Any CPU
		{09100B49-BE86-4855-9928-169ECFDABC18}.Debug|Any CPU.ActiveCfg = Debug|Any CPU
		{09100B49-BE86-4855-9928-169ECFDABC18}.Debug|Any CPU.Build.0 = Debug|Any CPU
		{09100B49-BE86-4855-9928-169ECFDABC18}.Debug|Itanium.ActiveCfg = Debug|Any CPU
		{09100B49-BE86-4855-9928-169ECFDABC18}.Debug|Itanium.Build.0 = Debug|Any CPU
		{09100B49-BE86-4855-9928-169ECFDABC18}.Debug|Mixed Platforms.ActiveCfg = Debug|Any CPU
		{09100B49-BE86-4855-9928-169ECFDABC18}.Debug|Mixed Platforms.Build.0 = Debug|Any CPU
		{09100B49-BE86-4855-9928-169ECFDABC18}.Debug|x64.ActiveCfg = Debug|Any CPU
		{09100B49-BE86-4855-9928-169ECFDABC18}.Debug|x64.Build.0 = Debug|Any CPU
		{09100B49-BE86-4855-9928-169ECFDABC18}.Debug|x86.ActiveCfg = Debug|Any CPU
		{09100B49-BE86-4855-9928-169ECFDABC18}.Debug|x86.Build.0 = Debug|Any CPU
		{09100B49-BE86-4855-9928-169ECFDABC18}.Release|Any CPU.ActiveCfg = Release|Any CPU
		{09100B49-BE86-4855-9928-169ECFDABC18}.Release|Any CPU.Build.0 = Release|Any CPU
		{09100B49-BE86-4855-9928-169ECFDABC18}.Release|Itanium.ActiveCfg = Release|Any CPU
		{09100B49-BE86-4855-9928-169ECFDABC18}.Release|Itanium.Build.0 = Release|Any CPU
		{09100B49-BE86-4855-9928-169ECFDABC18}.Release|Mixed Platforms.ActiveCfg = Release|Any CPU
		{09100B49-BE86-4855-9928-169ECFDABC18}.Release|Mixed Platforms.Build.0 = Release|Any CPU
		{09100B49-BE86-4855-9928-169ECFDABC18}.Release|x64.ActiveCfg = Release|Any CPU
		{09100B49-BE86-4855-9928-169ECFDABC18}.Release|x64.Build.0 = Release|Any CPU
		{09100B49-BE86-4855-9928-169ECFDABC18}.Release|x86.ActiveCfg = Release|Any CPU
		{09100B49-BE86-4855-9928-169ECFDABC18}.Release|x86.Build.0 = Release|Any CPU
		{B94283F1-2972-423B-81C6-6D2441BB5293}.Debug|Any CPU.ActiveCfg = Debug|Any CPU
		{B94283F1-2972-423B-81C6-6D2441BB5293}.Debug|Any CPU.Build.0 = Debug|Any CPU
		{B94283F1-2972-423B-81C6-6D2441BB5293}.Debug|Itanium.ActiveCfg = Debug|Any CPU
		{B94283F1-2972-423B-81C6-6D2441BB5293}.Debug|Itanium.Build.0 = Debug|Any CPU
		{B94283F1-2972-423B-81C6-6D2441BB5293}.Debug|Mixed Platforms.ActiveCfg = Debug|Any CPU
		{B94283F1-2972-423B-81C6-6D2441BB5293}.Debug|Mixed Platforms.Build.0 = Debug|Any CPU
		{B94283F1-2972-423B-81C6-6D2441BB5293}.Debug|x64.ActiveCfg = Debug|Any CPU
		{B94283F1-2972-423B-81C6-6D2441BB5293}.Debug|x64.Build.0 = Debug|Any CPU
		{B94283F1-2972-423B-81C6-6D2441BB5293}.Debug|x86.ActiveCfg = Debug|Any CPU
		{B94283F1-2972-423B-81C6-6D2441BB5293}.Debug|x86.Build.0 = Debug|Any CPU
		{B94283F1-2972-423B-81C6-6D2441BB5293}.Release|Any CPU.ActiveCfg = Release|Any CPU
		{B94283F1-2972-423B-81C6-6D2441BB5293}.Release|Any CPU.Build.0 = Release|Any CPU
		{B94283F1-2972-423B-81C6-6D2441BB5293}.Release|Itanium.ActiveCfg = Release|Any CPU
		{B94283F1-2972-423B-81C6-6D2441BB5293}.Release|Itanium.Build.0 = Release|Any CPU
		{B94283F1-2972-423B-81C6-6D2441BB5293}.Release|Mixed Platforms.ActiveCfg = Release|Any CPU
		{B94283F1-2972-423B-81C6-6D2441BB5293}.Release|Mixed Platforms.Build.0 = Release|Any CPU
		{B94283F1-2972-423B-81C6-6D2441BB5293}.Release|x64.ActiveCfg = Release|Any CPU
		{B94283F1-2972-423B-81C6-6D2441BB5293}.Release|x64.Build.0 = Release|Any CPU
		{B94283F1-2972-423B-81C6-6D2441BB5293}.Release|x86.ActiveCfg = Release|Any CPU
		{B94283F1-2972-423B-81C6-6D2441BB5293}.Release|x86.Build.0 = Release|Any CPU
		{9AA5F2C8-C544-4857-8DD2-4F39CCD6F665}.Debug|Any CPU.ActiveCfg = Debug|Any CPU
		{9AA5F2C8-C544-4857-8DD2-4F39CCD6F665}.Debug|Any CPU.Build.0 = Debug|Any CPU
		{9AA5F2C8-C544-4857-8DD2-4F39CCD6F665}.Debug|Itanium.ActiveCfg = Debug|Any CPU
		{9AA5F2C8-C544-4857-8DD2-4F39CCD6F665}.Debug|Itanium.Build.0 = Debug|Any CPU
		{9AA5F2C8-C544-4857-8DD2-4F39CCD6F665}.Debug|Mixed Platforms.ActiveCfg = Debug|Any CPU
		{9AA5F2C8-C544-4857-8DD2-4F39CCD6F665}.Debug|Mixed Platforms.Build.0 = Debug|Any CPU
		{9AA5F2C8-C544-4857-8DD2-4F39CCD6F665}.Debug|x64.ActiveCfg = Debug|Any CPU
		{9AA5F2C8-C544-4857-8DD2-4F39CCD6F665}.Debug|x64.Build.0 = Debug|Any CPU
		{9AA5F2C8-C544-4857-8DD2-4F39CCD6F665}.Debug|x86.ActiveCfg = Debug|Any CPU
		{9AA5F2C8-C544-4857-8DD2-4F39CCD6F665}.Debug|x86.Build.0 = Debug|Any CPU
		{9AA5F2C8-C544-4857-8DD2-4F39CCD6F665}.Release|Any CPU.ActiveCfg = Release|Any CPU
		{9AA5F2C8-C544-4857-8DD2-4F39CCD6F665}.Release|Any CPU.Build.0 = Release|Any CPU
		{9AA5F2C8-C544-4857-8DD2-4F39CCD6F665}.Release|Itanium.ActiveCfg = Release|Any CPU
		{9AA5F2C8-C544-4857-8DD2-4F39CCD6F665}.Release|Itanium.Build.0 = Release|Any CPU
		{9AA5F2C8-C544-4857-8DD2-4F39CCD6F665}.Release|Mixed Platforms.ActiveCfg = Release|Any CPU
		{9AA5F2C8-C544-4857-8DD2-4F39CCD6F665}.Release|Mixed Platforms.Build.0 = Release|Any CPU
		{9AA5F2C8-C544-4857-8DD2-4F39CCD6F665}.Release|x64.ActiveCfg = Release|Any CPU
		{9AA5F2C8-C544-4857-8DD2-4F39CCD6F665}.Release|x64.Build.0 = Release|Any CPU
		{9AA5F2C8-C544-4857-8DD2-4F39CCD6F665}.Release|x86.ActiveCfg = Release|Any CPU
		{9AA5F2C8-C544-4857-8DD2-4F39CCD6F665}.Release|x86.Build.0 = Release|Any CPU
		{F4C6864B-FD47-4FC2-B588-E29FAF321EA1}.Debug|Any CPU.ActiveCfg = Debug|Any CPU
		{F4C6864B-FD47-4FC2-B588-E29FAF321EA1}.Debug|Any CPU.Build.0 = Debug|Any CPU
		{F4C6864B-FD47-4FC2-B588-E29FAF321EA1}.Debug|Itanium.ActiveCfg = Debug|Any CPU
		{F4C6864B-FD47-4FC2-B588-E29FAF321EA1}.Debug|Itanium.Build.0 = Debug|Any CPU
		{F4C6864B-FD47-4FC2-B588-E29FAF321EA1}.Debug|Mixed Platforms.ActiveCfg = Debug|Any CPU
		{F4C6864B-FD47-4FC2-B588-E29FAF321EA1}.Debug|Mixed Platforms.Build.0 = Debug|Any CPU
		{F4C6864B-FD47-4FC2-B588-E29FAF321EA1}.Debug|x64.ActiveCfg = Debug|Any CPU
		{F4C6864B-FD47-4FC2-B588-E29FAF321EA1}.Debug|x64.Build.0 = Debug|Any CPU
		{F4C6864B-FD47-4FC2-B588-E29FAF321EA1}.Debug|x86.ActiveCfg = Debug|Any CPU
		{F4C6864B-FD47-4FC2-B588-E29FAF321EA1}.Debug|x86.Build.0 = Debug|Any CPU
		{F4C6864B-FD47-4FC2-B588-E29FAF321EA1}.Release|Any CPU.ActiveCfg = Release|Any CPU
		{F4C6864B-FD47-4FC2-B588-E29FAF321EA1}.Release|Any CPU.Build.0 = Release|Any CPU
		{F4C6864B-FD47-4FC2-B588-E29FAF321EA1}.Release|Itanium.ActiveCfg = Release|Any CPU
		{F4C6864B-FD47-4FC2-B588-E29FAF321EA1}.Release|Itanium.Build.0 = Release|Any CPU
		{F4C6864B-FD47-4FC2-B588-E29FAF321EA1}.Release|Mixed Platforms.ActiveCfg = Release|Any CPU
		{F4C6864B-FD47-4FC2-B588-E29FAF321EA1}.Release|Mixed Platforms.Build.0 = Release|Any CPU
		{F4C6864B-FD47-4FC2-B588-E29FAF321EA1}.Release|x64.ActiveCfg = Release|Any CPU
		{F4C6864B-FD47-4FC2-B588-E29FAF321EA1}.Release|x64.Build.0 = Release|Any CPU
		{F4C6864B-FD47-4FC2-B588-E29FAF321EA1}.Release|x86.ActiveCfg = Release|Any CPU
		{F4C6864B-FD47-4FC2-B588-E29FAF321EA1}.Release|x86.Build.0 = Release|Any CPU
		{A243B06E-4E7D-4053-BA14-278AEA730759}.Debug|Any CPU.ActiveCfg = Debug|Any CPU
		{A243B06E-4E7D-4053-BA14-278AEA730759}.Debug|Any CPU.Build.0 = Debug|Any CPU
		{A243B06E-4E7D-4053-BA14-278AEA730759}.Debug|Itanium.ActiveCfg = Debug|Any CPU
		{A243B06E-4E7D-4053-BA14-278AEA730759}.Debug|Itanium.Build.0 = Debug|Any CPU
		{A243B06E-4E7D-4053-BA14-278AEA730759}.Debug|Mixed Platforms.ActiveCfg = Debug|Any CPU
		{A243B06E-4E7D-4053-BA14-278AEA730759}.Debug|Mixed Platforms.Build.0 = Debug|Any CPU
		{A243B06E-4E7D-4053-BA14-278AEA730759}.Debug|x64.ActiveCfg = Debug|Any CPU
		{A243B06E-4E7D-4053-BA14-278AEA730759}.Debug|x64.Build.0 = Debug|Any CPU
		{A243B06E-4E7D-4053-BA14-278AEA730759}.Debug|x86.ActiveCfg = Debug|Any CPU
		{A243B06E-4E7D-4053-BA14-278AEA730759}.Debug|x86.Build.0 = Debug|Any CPU
		{A243B06E-4E7D-4053-BA14-278AEA730759}.Release|Any CPU.ActiveCfg = Release|Any CPU
		{A243B06E-4E7D-4053-BA14-278AEA730759}.Release|Any CPU.Build.0 = Release|Any CPU
		{A243B06E-4E7D-4053-BA14-278AEA730759}.Release|Itanium.ActiveCfg = Release|Any CPU
		{A243B06E-4E7D-4053-BA14-278AEA730759}.Release|Itanium.Build.0 = Release|Any CPU
		{A243B06E-4E7D-4053-BA14-278AEA730759}.Release|Mixed Platforms.ActiveCfg = Release|Any CPU
		{A243B06E-4E7D-4053-BA14-278AEA730759}.Release|Mixed Platforms.Build.0 = Release|Any CPU
		{A243B06E-4E7D-4053-BA14-278AEA730759}.Release|x64.ActiveCfg = Release|Any CPU
		{A243B06E-4E7D-4053-BA14-278AEA730759}.Release|x64.Build.0 = Release|Any CPU
		{A243B06E-4E7D-4053-BA14-278AEA730759}.Release|x86.ActiveCfg = Release|Any CPU
		{A243B06E-4E7D-4053-BA14-278AEA730759}.Release|x86.Build.0 = Release|Any CPU
		{85F8751A-BFC6-4044-8164-467BA529B52D}.Debug|Any CPU.ActiveCfg = Debug|Any CPU
		{85F8751A-BFC6-4044-8164-467BA529B52D}.Debug|Any CPU.Build.0 = Debug|Any CPU
		{85F8751A-BFC6-4044-8164-467BA529B52D}.Debug|Itanium.ActiveCfg = Debug|Any CPU
		{85F8751A-BFC6-4044-8164-467BA529B52D}.Debug|Itanium.Build.0 = Debug|Any CPU
		{85F8751A-BFC6-4044-8164-467BA529B52D}.Debug|Mixed Platforms.ActiveCfg = Debug|Any CPU
		{85F8751A-BFC6-4044-8164-467BA529B52D}.Debug|Mixed Platforms.Build.0 = Debug|Any CPU
		{85F8751A-BFC6-4044-8164-467BA529B52D}.Debug|x64.ActiveCfg = Debug|Any CPU
		{85F8751A-BFC6-4044-8164-467BA529B52D}.Debug|x64.Build.0 = Debug|Any CPU
		{85F8751A-BFC6-4044-8164-467BA529B52D}.Debug|x86.ActiveCfg = Debug|Any CPU
		{85F8751A-BFC6-4044-8164-467BA529B52D}.Debug|x86.Build.0 = Debug|Any CPU
		{85F8751A-BFC6-4044-8164-467BA529B52D}.Release|Any CPU.ActiveCfg = Release|Any CPU
		{85F8751A-BFC6-4044-8164-467BA529B52D}.Release|Any CPU.Build.0 = Release|Any CPU
		{85F8751A-BFC6-4044-8164-467BA529B52D}.Release|Itanium.ActiveCfg = Release|Any CPU
		{85F8751A-BFC6-4044-8164-467BA529B52D}.Release|Itanium.Build.0 = Release|Any CPU
		{85F8751A-BFC6-4044-8164-467BA529B52D}.Release|Mixed Platforms.ActiveCfg = Release|Any CPU
		{85F8751A-BFC6-4044-8164-467BA529B52D}.Release|Mixed Platforms.Build.0 = Release|Any CPU
		{85F8751A-BFC6-4044-8164-467BA529B52D}.Release|x64.ActiveCfg = Release|Any CPU
		{85F8751A-BFC6-4044-8164-467BA529B52D}.Release|x64.Build.0 = Release|Any CPU
		{85F8751A-BFC6-4044-8164-467BA529B52D}.Release|x86.ActiveCfg = Release|Any CPU
		{85F8751A-BFC6-4044-8164-467BA529B52D}.Release|x86.Build.0 = Release|Any CPU
		{90F528E5-C516-476E-A444-EA981FE2A78A}.Debug|Any CPU.ActiveCfg = Debug|Any CPU
		{90F528E5-C516-476E-A444-EA981FE2A78A}.Debug|Any CPU.Build.0 = Debug|Any CPU
		{90F528E5-C516-476E-A444-EA981FE2A78A}.Debug|Itanium.ActiveCfg = Debug|Any CPU
		{90F528E5-C516-476E-A444-EA981FE2A78A}.Debug|Itanium.Build.0 = Debug|Any CPU
		{90F528E5-C516-476E-A444-EA981FE2A78A}.Debug|Mixed Platforms.ActiveCfg = Debug|Any CPU
		{90F528E5-C516-476E-A444-EA981FE2A78A}.Debug|Mixed Platforms.Build.0 = Debug|Any CPU
		{90F528E5-C516-476E-A444-EA981FE2A78A}.Debug|x64.ActiveCfg = Debug|Any CPU
		{90F528E5-C516-476E-A444-EA981FE2A78A}.Debug|x64.Build.0 = Debug|Any CPU
		{90F528E5-C516-476E-A444-EA981FE2A78A}.Debug|x86.ActiveCfg = Debug|Any CPU
		{90F528E5-C516-476E-A444-EA981FE2A78A}.Debug|x86.Build.0 = Debug|Any CPU
		{90F528E5-C516-476E-A444-EA981FE2A78A}.Release|Any CPU.ActiveCfg = Release|Any CPU
		{90F528E5-C516-476E-A444-EA981FE2A78A}.Release|Any CPU.Build.0 = Release|Any CPU
		{90F528E5-C516-476E-A444-EA981FE2A78A}.Release|Itanium.ActiveCfg = Release|Any CPU
		{90F528E5-C516-476E-A444-EA981FE2A78A}.Release|Itanium.Build.0 = Release|Any CPU
		{90F528E5-C516-476E-A444-EA981FE2A78A}.Release|Mixed Platforms.ActiveCfg = Release|Any CPU
		{90F528E5-C516-476E-A444-EA981FE2A78A}.Release|Mixed Platforms.Build.0 = Release|Any CPU
		{90F528E5-C516-476E-A444-EA981FE2A78A}.Release|x64.ActiveCfg = Release|Any CPU
		{90F528E5-C516-476E-A444-EA981FE2A78A}.Release|x64.Build.0 = Release|Any CPU
		{90F528E5-C516-476E-A444-EA981FE2A78A}.Release|x86.ActiveCfg = Release|Any CPU
		{90F528E5-C516-476E-A444-EA981FE2A78A}.Release|x86.Build.0 = Release|Any CPU
		{FD164A24-AE6F-498A-A1B1-3E3069AD035F}.Debug|Any CPU.ActiveCfg = Debug|Any CPU
		{FD164A24-AE6F-498A-A1B1-3E3069AD035F}.Debug|Any CPU.Build.0 = Debug|Any CPU
		{FD164A24-AE6F-498A-A1B1-3E3069AD035F}.Debug|Itanium.ActiveCfg = Debug|Any CPU
		{FD164A24-AE6F-498A-A1B1-3E3069AD035F}.Debug|Itanium.Build.0 = Debug|Any CPU
		{FD164A24-AE6F-498A-A1B1-3E3069AD035F}.Debug|Mixed Platforms.ActiveCfg = Debug|Any CPU
		{FD164A24-AE6F-498A-A1B1-3E3069AD035F}.Debug|Mixed Platforms.Build.0 = Debug|Any CPU
		{FD164A24-AE6F-498A-A1B1-3E3069AD035F}.Debug|x64.ActiveCfg = Debug|Any CPU
		{FD164A24-AE6F-498A-A1B1-3E3069AD035F}.Debug|x64.Build.0 = Debug|Any CPU
		{FD164A24-AE6F-498A-A1B1-3E3069AD035F}.Debug|x86.ActiveCfg = Debug|Any CPU
		{FD164A24-AE6F-498A-A1B1-3E3069AD035F}.Debug|x86.Build.0 = Debug|Any CPU
		{FD164A24-AE6F-498A-A1B1-3E3069AD035F}.Release|Any CPU.ActiveCfg = Release|Any CPU
		{FD164A24-AE6F-498A-A1B1-3E3069AD035F}.Release|Any CPU.Build.0 = Release|Any CPU
		{FD164A24-AE6F-498A-A1B1-3E3069AD035F}.Release|Itanium.ActiveCfg = Release|Any CPU
		{FD164A24-AE6F-498A-A1B1-3E3069AD035F}.Release|Itanium.Build.0 = Release|Any CPU
		{FD164A24-AE6F-498A-A1B1-3E3069AD035F}.Release|Mixed Platforms.ActiveCfg = Release|Any CPU
		{FD164A24-AE6F-498A-A1B1-3E3069AD035F}.Release|Mixed Platforms.Build.0 = Release|Any CPU
		{FD164A24-AE6F-498A-A1B1-3E3069AD035F}.Release|x64.ActiveCfg = Release|Any CPU
		{FD164A24-AE6F-498A-A1B1-3E3069AD035F}.Release|x64.Build.0 = Release|Any CPU
		{FD164A24-AE6F-498A-A1B1-3E3069AD035F}.Release|x86.ActiveCfg = Release|Any CPU
		{FD164A24-AE6F-498A-A1B1-3E3069AD035F}.Release|x86.Build.0 = Release|Any CPU
		{55DD8FDB-665F-4EFA-876E-A31214BF63B4}.Debug|Any CPU.ActiveCfg = Debug|Any CPU
		{55DD8FDB-665F-4EFA-876E-A31214BF63B4}.Debug|Any CPU.Build.0 = Debug|Any CPU
		{55DD8FDB-665F-4EFA-876E-A31214BF63B4}.Debug|Itanium.ActiveCfg = Debug|Any CPU
		{55DD8FDB-665F-4EFA-876E-A31214BF63B4}.Debug|Itanium.Build.0 = Debug|Any CPU
		{55DD8FDB-665F-4EFA-876E-A31214BF63B4}.Debug|Mixed Platforms.ActiveCfg = Debug|Any CPU
		{55DD8FDB-665F-4EFA-876E-A31214BF63B4}.Debug|Mixed Platforms.Build.0 = Debug|Any CPU
		{55DD8FDB-665F-4EFA-876E-A31214BF63B4}.Debug|x64.ActiveCfg = Debug|Any CPU
		{55DD8FDB-665F-4EFA-876E-A31214BF63B4}.Debug|x64.Build.0 = Debug|Any CPU
		{55DD8FDB-665F-4EFA-876E-A31214BF63B4}.Debug|x86.ActiveCfg = Debug|Any CPU
		{55DD8FDB-665F-4EFA-876E-A31214BF63B4}.Debug|x86.Build.0 = Debug|Any CPU
		{55DD8FDB-665F-4EFA-876E-A31214BF63B4}.Release|Any CPU.ActiveCfg = Release|Any CPU
		{55DD8FDB-665F-4EFA-876E-A31214BF63B4}.Release|Any CPU.Build.0 = Release|Any CPU
		{55DD8FDB-665F-4EFA-876E-A31214BF63B4}.Release|Itanium.ActiveCfg = Release|Any CPU
		{55DD8FDB-665F-4EFA-876E-A31214BF63B4}.Release|Itanium.Build.0 = Release|Any CPU
		{55DD8FDB-665F-4EFA-876E-A31214BF63B4}.Release|Mixed Platforms.ActiveCfg = Release|Any CPU
		{55DD8FDB-665F-4EFA-876E-A31214BF63B4}.Release|Mixed Platforms.Build.0 = Release|Any CPU
		{55DD8FDB-665F-4EFA-876E-A31214BF63B4}.Release|x64.ActiveCfg = Release|Any CPU
		{55DD8FDB-665F-4EFA-876E-A31214BF63B4}.Release|x64.Build.0 = Release|Any CPU
		{55DD8FDB-665F-4EFA-876E-A31214BF63B4}.Release|x86.ActiveCfg = Release|Any CPU
		{55DD8FDB-665F-4EFA-876E-A31214BF63B4}.Release|x86.Build.0 = Release|Any CPU
		{662F70F9-B466-4CA3-B83D-260C7014A49E}.Debug|Any CPU.ActiveCfg = Debug|Any CPU
		{662F70F9-B466-4CA3-B83D-260C7014A49E}.Debug|Any CPU.Build.0 = Debug|Any CPU
		{662F70F9-B466-4CA3-B83D-260C7014A49E}.Debug|Itanium.ActiveCfg = Debug|Any CPU
		{662F70F9-B466-4CA3-B83D-260C7014A49E}.Debug|Itanium.Build.0 = Debug|Any CPU
		{662F70F9-B466-4CA3-B83D-260C7014A49E}.Debug|Mixed Platforms.ActiveCfg = Debug|Any CPU
		{662F70F9-B466-4CA3-B83D-260C7014A49E}.Debug|Mixed Platforms.Build.0 = Debug|Any CPU
		{662F70F9-B466-4CA3-B83D-260C7014A49E}.Debug|x64.ActiveCfg = Debug|Any CPU
		{662F70F9-B466-4CA3-B83D-260C7014A49E}.Debug|x64.Build.0 = Debug|Any CPU
		{662F70F9-B466-4CA3-B83D-260C7014A49E}.Debug|x86.ActiveCfg = Debug|Any CPU
		{662F70F9-B466-4CA3-B83D-260C7014A49E}.Debug|x86.Build.0 = Debug|Any CPU
		{662F70F9-B466-4CA3-B83D-260C7014A49E}.Release|Any CPU.ActiveCfg = Release|Any CPU
		{662F70F9-B466-4CA3-B83D-260C7014A49E}.Release|Any CPU.Build.0 = Release|Any CPU
		{662F70F9-B466-4CA3-B83D-260C7014A49E}.Release|Itanium.ActiveCfg = Release|Any CPU
		{662F70F9-B466-4CA3-B83D-260C7014A49E}.Release|Itanium.Build.0 = Release|Any CPU
		{662F70F9-B466-4CA3-B83D-260C7014A49E}.Release|Mixed Platforms.ActiveCfg = Release|Any CPU
		{662F70F9-B466-4CA3-B83D-260C7014A49E}.Release|Mixed Platforms.Build.0 = Release|Any CPU
		{662F70F9-B466-4CA3-B83D-260C7014A49E}.Release|x64.ActiveCfg = Release|Any CPU
		{662F70F9-B466-4CA3-B83D-260C7014A49E}.Release|x64.Build.0 = Release|Any CPU
		{662F70F9-B466-4CA3-B83D-260C7014A49E}.Release|x86.ActiveCfg = Release|Any CPU
		{662F70F9-B466-4CA3-B83D-260C7014A49E}.Release|x86.Build.0 = Release|Any CPU
		{55265FF9-4C20-478A-884F-CE40199807C2}.Debug|Any CPU.ActiveCfg = Debug|Any CPU
		{55265FF9-4C20-478A-884F-CE40199807C2}.Debug|Any CPU.Build.0 = Debug|Any CPU
		{55265FF9-4C20-478A-884F-CE40199807C2}.Debug|Itanium.ActiveCfg = Debug|Any CPU
		{55265FF9-4C20-478A-884F-CE40199807C2}.Debug|Itanium.Build.0 = Debug|Any CPU
		{55265FF9-4C20-478A-884F-CE40199807C2}.Debug|Mixed Platforms.ActiveCfg = Debug|Any CPU
		{55265FF9-4C20-478A-884F-CE40199807C2}.Debug|Mixed Platforms.Build.0 = Debug|Any CPU
		{55265FF9-4C20-478A-884F-CE40199807C2}.Debug|x64.ActiveCfg = Debug|Any CPU
		{55265FF9-4C20-478A-884F-CE40199807C2}.Debug|x64.Build.0 = Debug|Any CPU
		{55265FF9-4C20-478A-884F-CE40199807C2}.Debug|x86.ActiveCfg = Debug|Any CPU
		{55265FF9-4C20-478A-884F-CE40199807C2}.Debug|x86.Build.0 = Debug|Any CPU
		{55265FF9-4C20-478A-884F-CE40199807C2}.Release|Any CPU.ActiveCfg = Release|Any CPU
		{55265FF9-4C20-478A-884F-CE40199807C2}.Release|Any CPU.Build.0 = Release|Any CPU
		{55265FF9-4C20-478A-884F-CE40199807C2}.Release|Itanium.ActiveCfg = Release|Any CPU
		{55265FF9-4C20-478A-884F-CE40199807C2}.Release|Itanium.Build.0 = Release|Any CPU
		{55265FF9-4C20-478A-884F-CE40199807C2}.Release|Mixed Platforms.ActiveCfg = Release|Any CPU
		{55265FF9-4C20-478A-884F-CE40199807C2}.Release|Mixed Platforms.Build.0 = Release|Any CPU
		{55265FF9-4C20-478A-884F-CE40199807C2}.Release|x64.ActiveCfg = Release|Any CPU
		{55265FF9-4C20-478A-884F-CE40199807C2}.Release|x64.Build.0 = Release|Any CPU
		{55265FF9-4C20-478A-884F-CE40199807C2}.Release|x86.ActiveCfg = Release|Any CPU
		{55265FF9-4C20-478A-884F-CE40199807C2}.Release|x86.Build.0 = Release|Any CPU
		{D80E59B0-2D72-4FED-AA83-8862139524E5}.Debug|Any CPU.ActiveCfg = Debug|Any CPU
		{D80E59B0-2D72-4FED-AA83-8862139524E5}.Debug|Any CPU.Build.0 = Debug|Any CPU
		{D80E59B0-2D72-4FED-AA83-8862139524E5}.Debug|Itanium.ActiveCfg = Debug|Any CPU
		{D80E59B0-2D72-4FED-AA83-8862139524E5}.Debug|Itanium.Build.0 = Debug|Any CPU
		{D80E59B0-2D72-4FED-AA83-8862139524E5}.Debug|Mixed Platforms.ActiveCfg = Debug|Any CPU
		{D80E59B0-2D72-4FED-AA83-8862139524E5}.Debug|Mixed Platforms.Build.0 = Debug|Any CPU
		{D80E59B0-2D72-4FED-AA83-8862139524E5}.Debug|x64.ActiveCfg = Debug|Any CPU
		{D80E59B0-2D72-4FED-AA83-8862139524E5}.Debug|x64.Build.0 = Debug|Any CPU
		{D80E59B0-2D72-4FED-AA83-8862139524E5}.Debug|x86.ActiveCfg = Debug|Any CPU
		{D80E59B0-2D72-4FED-AA83-8862139524E5}.Debug|x86.Build.0 = Debug|Any CPU
		{D80E59B0-2D72-4FED-AA83-8862139524E5}.Release|Any CPU.ActiveCfg = Release|Any CPU
		{D80E59B0-2D72-4FED-AA83-8862139524E5}.Release|Any CPU.Build.0 = Release|Any CPU
		{D80E59B0-2D72-4FED-AA83-8862139524E5}.Release|Itanium.ActiveCfg = Release|Any CPU
		{D80E59B0-2D72-4FED-AA83-8862139524E5}.Release|Itanium.Build.0 = Release|Any CPU
		{D80E59B0-2D72-4FED-AA83-8862139524E5}.Release|Mixed Platforms.ActiveCfg = Release|Any CPU
		{D80E59B0-2D72-4FED-AA83-8862139524E5}.Release|Mixed Platforms.Build.0 = Release|Any CPU
		{D80E59B0-2D72-4FED-AA83-8862139524E5}.Release|x64.ActiveCfg = Release|Any CPU
		{D80E59B0-2D72-4FED-AA83-8862139524E5}.Release|x64.Build.0 = Release|Any CPU
		{D80E59B0-2D72-4FED-AA83-8862139524E5}.Release|x86.ActiveCfg = Release|Any CPU
		{D80E59B0-2D72-4FED-AA83-8862139524E5}.Release|x86.Build.0 = Release|Any CPU
	EndGlobalSection
	GlobalSection(SolutionProperties) = preSolution
		HideSolutionNode = FALSE
	EndGlobalSection
	GlobalSection(NestedProjects) = preSolution
		{577BCDDB-5809-4B9C-8149-BBBE65480B51} = {E3A94B3B-C93B-46EA-823F-0C33858F538F}
		{B94283F1-2972-423B-81C6-6D2441BB5293} = {0A8DE422-9653-46DC-B3A2-904C8B2A46A0}
		{F4C6864B-FD47-4FC2-B588-E29FAF321EA1} = {0A8DE422-9653-46DC-B3A2-904C8B2A46A0}
		{A243B06E-4E7D-4053-BA14-278AEA730759} = {0A8DE422-9653-46DC-B3A2-904C8B2A46A0}
		{85F8751A-BFC6-4044-8164-467BA529B52D} = {0A8DE422-9653-46DC-B3A2-904C8B2A46A0}
		{90F528E5-C516-476E-A444-EA981FE2A78A} = {0A8DE422-9653-46DC-B3A2-904C8B2A46A0}
		{FD164A24-AE6F-498A-A1B1-3E3069AD035F} = {0A8DE422-9653-46DC-B3A2-904C8B2A46A0}
		{F245352A-55E9-40F3-8B8A-14D4A3C55E8B} = {0A8DE422-9653-46DC-B3A2-904C8B2A46A0}
		{55DD8FDB-665F-4EFA-876E-A31214BF63B4} = {F245352A-55E9-40F3-8B8A-14D4A3C55E8B}
		{662F70F9-B466-4CA3-B83D-260C7014A49E} = {F245352A-55E9-40F3-8B8A-14D4A3C55E8B}
		{55265FF9-4C20-478A-884F-CE40199807C2} = {F245352A-55E9-40F3-8B8A-14D4A3C55E8B}
		{D80E59B0-2D72-4FED-AA83-8862139524E5} = {0A8DE422-9653-46DC-B3A2-904C8B2A46A0}
	EndGlobalSection
	GlobalSection(ExtensibilityGlobals) = postSolution
		SolutionGuid = {047603CC-E211-4647-9466-74A84A57A438}
	EndGlobalSection
EndGlobal
